
Microsoft Visual Studio Solution File, Format Version 12.00
# Visual Studio Version 17
VisualStudioVersion = 17.8.34316.72
MinimumVisualStudioVersion = 10.0.40219.1
Project("{FAE04EC0-301F-11D3-BF4B-00C04F79EFBC}") = "arrayFilter", "arrayFilter.csproj", "{9BC1036A-BCDC-4007-BE80-6AEDABE63826}"
EndProject
Global
	GlobalSection(SolutionConfigurationPlatforms) = preSolution
		Debug|Any CPU = Debug|Any CPU
		Release|Any CPU = Release|Any CPU
	EndGlobalSection
	GlobalSection(ProjectConfigurationPlatforms) = postSolution
		{9BC1036A-BCDC-4007-BE80-6AEDABE63826}.Debug|Any CPU.ActiveCfg = Debug|Any CPU
		{9BC1036A-BCDC-4007-BE80-6AEDABE63826}.Debug|Any CPU.Build.0 = Debug|Any CPU
		{9BC1036A-BCDC-4007-BE80-6AEDABE63826}.Release|Any CPU.ActiveCfg = Release|Any CPU
		{9BC1036A-BCDC-4007-BE80-6AEDABE63826}.Release|Any CPU.Build.0 = Release|Any CPU
	EndGlobalSection
	GlobalSection(SolutionProperties) = preSolution
		HideSolutionNode = FALSE
	EndGlobalSection
	GlobalSection(ExtensibilityGlobals) = postSolution
		SolutionGuid = {CCD49CA8-0492-4547-A7CF-261E3ABD37C6}
	EndGlobalSection
EndGlobal
